dependencies:
  idf:
    source:
      type: idf
    version: 5.5.2
  pedroluisdionisiofraga/nvm-api:
    component_hash: 
      f0026c2ce3b92008e256867919dab4fc04e0cca1b616ccc355830225ced1eed3
    dependencies:
    - name: idf
      require: private
      version: '>=5.0'
    source:
      registry_url: https://components.espressif.com/
      type: service
    version: 1.0.1
direct_dependencies:
- idf
- pedroluisdionisiofraga/nvm-api
manifest_hash: c6751454573b7667db2bf836babc8f2028f2f94feb66b69ab92e5acd347d4ba9
target: esp32
version: 2.0.0
